
Microsoft Visual Studio Solution File, Format Version 12.00
# Visual Studio 14
VisualStudioVersion = 14.0.25420.1
MinimumVisualStudioVersion = 10.0.40219.1
Project("{FAE04EC0-301F-11D3-BF4B-00C04F79EFBC}") = "UwpMessageRelay.MessageRelay", "UwpMessageRelay.MessageRelay\UwpMessageRelay.MessageRelay.csproj", "{2E51632E-E824-4A35-B0E0-8757DE421C24}"
EndProject
Project("{FAE04EC0-301F-11D3-BF4B-00C04F79EFBC}") = "UwpMessageRelay.Producer", "UwpMessageRelay.Producer\UwpMessageRelay.Producer.csproj", "{7604B769-C16A-470F-8239-BD83149E972A}"
EndProject
Project("{FAE04EC0-301F-11D3-BF4B-00C04F79EFBC}") = "UwpMessageRelay.Consumer", "UwpMessageRelay.Consumer\UwpMessageRelay.Consumer.csproj", "{6563F4FE-24A3-43EF-AE3F-D53F17929DAF}"
EndProject
Global
	GlobalSection(SolutionConfigurationPlatforms) = preSolution
		Debug|ARM = Debug|ARM
		Debug|x64 = Debug|x64
		Debug|x86 = Debug|x86
		Release|ARM = Release|ARM
		Release|x64 = Release|x64
		Release|x86 = Release|x86
	EndGlobalSection
	GlobalSection(ProjectConfigurationPlatforms) = postSolution
		{2E51632E-E824-4A35-B0E0-8757DE421C24}.Debug|ARM.ActiveCfg = Debug|ARM
		{2E51632E-E824-4A35-B0E0-8757DE421C24}.Debug|ARM.Build.0 = Debug|ARM
		{2E51632E-E824-4A35-B0E0-8757DE421C24}.Debug|ARM.Deploy.0 = Debug|ARM
		{2E51632E-E824-4A35-B0E0-8757DE421C24}.Debug|x64.ActiveCfg = Debug|x64
		{2E51632E-E824-4A35-B0E0-8757DE421C24}.Debug|x64.Build.0 = Debug|x64
		{2E51632E-E824-4A35-B0E0-8757DE421C24}.Debug|x64.Deploy.0 = Debug|x64
		{2E51632E-E824-4A35-B0E0-8757DE421C24}.Debug|x86.ActiveCfg = Debug|x86
		{2E51632E-E824-4A35-B0E0-8757DE421C24}.Debug|x86.Build.0 = Debug|x86
		{2E51632E-E824-4A35-B0E0-8757DE421C24}.Debug|x86.Deploy.0 = Debug|x86
		{2E51632E-E824-4A35-B0E0-8757DE421C24}.Release|ARM.ActiveCfg = Release|ARM
		{2E51632E-E824-4A35-B0E0-8757DE421C24}.Release|ARM.Build.0 = Release|ARM
		{2E51632E-E824-4A35-B0E0-8757DE421C24}.Release|ARM.Deploy.0 = Release|ARM
		{2E51632E-E824-4A35-B0E0-8757DE421C24}.Release|x64.ActiveCfg = Release|x64
		{2E51632E-E824-4A35-B0E0-8757DE421C24}.Release|x64.Build.0 = Release|x64
		{2E51632E-E824-4A35-B0E0-8757DE421C24}.Release|x64.Deploy.0 = Release|x64
		{2E51632E-E824-4A35-B0E0-8757DE421C24}.Release|x86.ActiveCfg = Release|x86
		{2E51632E-E824-4A35-B0E0-8757DE421C24}.Release|x86.Build.0 = Release|x86
		{2E51632E-E824-4A35-B0E0-8757DE421C24}.Release|x86.Deploy.0 = Release|x86
		{7604B769-C16A-470F-8239-BD83149E972A}.Debug|ARM.ActiveCfg = Debug|ARM
		{7604B769-C16A-470F-8239-BD83149E972A}.Debug|ARM.Build.0 = Debug|ARM
		{7604B769-C16A-470F-8239-BD83149E972A}.Debug|ARM.Deploy.0 = Debug|ARM
		{7604B769-C16A-470F-8239-BD83149E972A}.Debug|x64.ActiveCfg = Debug|x64
		{7604B769-C16A-470F-8239-BD83149E972A}.Debug|x64.Build.0 = Debug|x64
		{7604B769-C16A-470F-8239-BD83149E972A}.Debug|x64.Deploy.0 = Debug|x64
		{7604B769-C16A-470F-8239-BD83149E972A}.Debug|x86.ActiveCfg = Debug|x86
		{7604B769-C16A-470F-8239-BD83149E972A}.Debug|x86.Build.0 = Debug|x86
		{7604B769-C16A-470F-8239-BD83149E972A}.Debug|x86.Deploy.0 = Debug|x86
		{7604B769-C16A-470F-8239-BD83149E972A}.Release|ARM.ActiveCfg = Release|ARM
		{7604B769-C16A-470F-8239-BD83149E972A}.Release|ARM.Build.0 = Release|ARM
		{7604B769-C16A-470F-8239-BD83149E972A}.Release|ARM.Deploy.0 = Release|ARM
		{7604B769-C16A-470F-8239-BD83149E972A}.Release|x64.ActiveCfg = Release|x64
		{7604B769-C16A-470F-8239-BD83149E972A}.Release|x64.Build.0 = Release|x64
		{7604B769-C16A-470F-8239-BD83149E972A}.Release|x64.Deploy.0 = Release|x64
		{7604B769-C16A-470F-8239-BD83149E972A}.Release|x86.ActiveCfg = Release|x86
		{7604B769-C16A-470F-8239-BD83149E972A}.Release|x86.Build.0 = Release|x86
		{7604B769-C16A-470F-8239-BD83149E972A}.Release|x86.Deploy.0 = Release|x86
		{6563F4FE-24A3-43EF-AE3F-D53F17929DAF}.Debug|ARM.ActiveCfg = Debug|ARM
		{6563F4FE-24A3-43EF-AE3F-D53F17929DAF}.Debug|ARM.Build.0 = Debug|ARM
		{6563F4FE-24A3-43EF-AE3F-D53F17929DAF}.Debug|ARM.Deploy.0 = Debug|ARM
		{6563F4FE-24A3-43EF-AE3F-D53F17929DAF}.Debug|x64.ActiveCfg = Debug|x64
		{6563F4FE-24A3-43EF-AE3F-D53F17929DAF}.Debug|x64.Build.0 = Debug|x64
		{6563F4FE-24A3-43EF-AE3F-D53F17929DAF}.Debug|x64.Deploy.0 = Debug|x64
		{6563F4FE-24A3-43EF-AE3F-D53F17929DAF}.Debug|x86.ActiveCfg = Debug|x86
		{6563F4FE-24A3-43EF-AE3F-D53F17929DAF}.Debug|x86.Build.0 = Debug|x86
		{6563F4FE-24A3-43EF-AE3F-D53F17929DAF}.Debug|x86.Deploy.0 = Debug|x86
		{6563F4FE-24A3-43EF-AE3F-D53F17929DAF}.Release|ARM.ActiveCfg = Release|ARM
		{6563F4FE-24A3-43EF-AE3F-D53F17929DAF}.Release|ARM.Build.0 = Release|ARM
		{6563F4FE-24A3-43EF-AE3F-D53F17929DAF}.Release|ARM.Deploy.0 = Release|ARM
		{6563F4FE-24A3-43EF-AE3F-D53F17929DAF}.Release|x64.ActiveCfg = Release|x64
		{6563F4FE-24A3-43EF-AE3F-D53F17929DAF}.Release|x64.Build.0 = Release|x64
		{6563F4FE-24A3-43EF-AE3F-D53F17929DAF}.Release|x64.Deploy.0 = Release|x64
		{6563F4FE-24A3-43EF-AE3F-D53F17929DAF}.Release|x86.ActiveCfg = Release|x86
		{6563F4FE-24A3-43EF-AE3F-D53F17929DAF}.Release|x86.Build.0 = Release|x86
		{6563F4FE-24A3-43EF-AE3F-D53F17929DAF}.Release|x86.Deploy.0 = Release|x86
	EndGlobalSection
	GlobalSection(SolutionProperties) = preSolution
		HideSolutionNode = FALSE
	EndGlobalSection
EndGlobal
